
Microsoft Visual Studio Solution File, Format Version 12.00
# Visual Studio Version 16
VisualStudioVersion = 16.0.30413.136
MinimumVisualStudioVersion = 10.0.40219.1
Project("{FAE04EC0-301F-11D3-BF4B-00C04F79EFBC}") = "Random Addition every Second", "Random Addition every Second\Random Addition every Second.csproj", "{054BC068-7B25-4F47-92A9-D74404C6A321}"
EndProject
Global
	GlobalSection(SolutionConfigurationPlatforms) = preSolution
		Debug|Any CPU = Debug|Any CPU
		Release|Any CPU = Release|Any CPU
	EndGlobalSection
	GlobalSection(ProjectConfigurationPlatforms) = postSolution
		{054BC068-7B25-4F47-92A9-D74404C6A321}.Debug|Any CPU.ActiveCfg = Debug|Any CPU
		{054BC068-7B25-4F47-92A9-D74404C6A321}.Debug|Any CPU.Build.0 = Debug|Any CPU
		{054BC068-7B25-4F47-92A9-D74404C6A321}.Release|Any CPU.ActiveCfg = Release|Any CPU
		{054BC068-7B25-4F47-92A9-D74404C6A321}.Release|Any CPU.Build.0 = Release|Any CPU
	EndGlobalSection
	GlobalSection(SolutionProperties) = preSolution
		HideSolutionNode = FALSE
	EndGlobalSection
	GlobalSection(ExtensibilityGlobals) = postSolution
		SolutionGuid = {4646DCC1-B8B8-4770-8425-A1CD63CB1638}
	EndGlobalSection
EndGlobal
